
Microsoft Visual Studio Solution File, Format Version 12.00
# Visual Studio 15
VisualStudioVersion = 15.0.28307.168
MinimumVisualStudioVersion = 10.0.40219.1
Project("{FAE04EC0-301F-11D3-BF4B-00C04F79EFBC}") = "WinWatcher", "WinWatcher\WinWatcher.csproj", "{AFCAFA00-0275-46B1-86D8-2438C7C78193}"
EndProject
Global
	GlobalSection(SolutionConfigurationPlatforms) = preSolution
		Debug|Any CPU = Debug|Any CPU
		Release|Any CPU = Release|Any CPU
	EndGlobalSection
	GlobalSection(ProjectConfigurationPlatforms) = postSolution
		{AFCAFA00-0275-46B1-86D8-2438C7C78193}.Debug|Any CPU.ActiveCfg = Debug|Any CPU
		{AFCAFA00-0275-46B1-86D8-2438C7C78193}.Debug|Any CPU.Build.0 = Debug|Any CPU
		{AFCAFA00-0275-46B1-86D8-2438C7C78193}.Release|Any CPU.ActiveCfg = Release|Any CPU
		{AFCAFA00-0275-46B1-86D8-2438C7C78193}.Release|Any CPU.Build.0 = Release|Any CPU
	EndGlobalSection
	GlobalSection(SolutionProperties) = preSolution
		HideSolutionNode = FALSE
	EndGlobalSection
	GlobalSection(ExtensibilityGlobals) = postSolution
		SolutionGuid = {A2E6460E-FBC1-45AB-A594-2FE3AEE8EB06}
	EndGlobalSection
EndGlobal
